// !$*UTF8*$!
{
	archiveVersion = 1;
	classes = {
	};
	objectVersion = 56;
	objects = {

/* Begin PBXBuildFile section */
		8805C30E2AB620CC009F53F3 /* DSTextField.swift in Sources */ = {isa = PBXBuildFile; fileRef = 8805C30D2AB620CC009F53F3 /* DSTextField.swift */; };
		8805C3102AB63680009F53F3 /* SocialMediaSignInButtons.swift in Sources */ = {isa = PBXBuildFile; fileRef = 8805C30F2AB63680009F53F3 /* SocialMediaSignInButtons.swift */; };
		8805C3122AB6389A009F53F3 /* CopyrightInfo.swift in Sources */ = {isa = PBXBuildFile; fileRef = 8805C3112AB6389A009F53F3 /* CopyrightInfo.swift */; };
		8805C31A2AB63A58009F53F3 /* TextDefaultStyle.swift in Sources */ = {isa = PBXBuildFile; fileRef = 8805C3192AB63A58009F53F3 /* TextDefaultStyle.swift */; };
		881905222A6D780000102C25 /* ContentView.swift in Sources */ = {isa = PBXBuildFile; fileRef = 881905212A6D780000102C25 /* ContentView.swift */; };
		881905242A6D78BB00102C25 /* ViewModel.swift in Sources */ = {isa = PBXBuildFile; fileRef = 881905232A6D78BB00102C25 /* ViewModel.swift */; };
		882E481E2AA7F4EB005BA082 /* TextFieldDefaultStyle.swift in Sources */ = {isa = PBXBuildFile; fileRef = 882E481D2AA7F4EB005BA082 /* TextFieldDefaultStyle.swift */; };
		882E48202AA7F8DF005BA082 /* DSPasswordField.swift in Sources */ = {isa = PBXBuildFile; fileRef = 882E481F2AA7F8DF005BA082 /* DSPasswordField.swift */; };
		882E48222AA7FA03005BA082 /* FocusedFieldsValues.swift in Sources */ = {isa = PBXBuildFile; fileRef = 882E48212AA7FA03005BA082 /* FocusedFieldsValues.swift */; };
		883E78952A1FE5DB0012EB93 /* LoginScreen.swift in Sources */ = {isa = PBXBuildFile; fileRef = 883E78942A1FE5DB0012EB93 /* LoginScreen.swift */; };
		883E78972A2028D00012EB93 /* Color+Extensions.swift in Sources */ = {isa = PBXBuildFile; fileRef = 883E78962A2028D00012EB93 /* Color+Extensions.swift */; };
		883FB7322A71BDD200F6AC1B /* CommonNetwork.swift in Sources */ = {isa = PBXBuildFile; fileRef = 883FB7312A71BDD200F6AC1B /* CommonNetwork.swift */; };
		88495B752A759A2600A0360E /* ToolbarItemButton.swift in Sources */ = {isa = PBXBuildFile; fileRef = 88495B742A759A2600A0360E /* ToolbarItemButton.swift */; };
		8852DDE22A5616E700AFCC73 /* Alamofire in Frameworks */ = {isa = PBXBuildFile; productRef = 8852DDE12A5616E700AFCC73 /* Alamofire */; };
		8852DDE52A56193E00AFCC73 /* LoginService.swift in Sources */ = {isa = PBXBuildFile; fileRef = 8852DDE42A56193E00AFCC73 /* LoginService.swift */; };
		8852DDE72A561AF300AFCC73 /* LoginModel.swift in Sources */ = {isa = PBXBuildFile; fileRef = 8852DDE62A561AF300AFCC73 /* LoginModel.swift */; };
		8852DDEB2A56225200AFCC73 /* SignUpModel.swift in Sources */ = {isa = PBXBuildFile; fileRef = 8852DDEA2A56225200AFCC73 /* SignUpModel.swift */; };
		8852DDF02A563DB500AFCC73 /* UserDefaultsWorker.swift in Sources */ = {isa = PBXBuildFile; fileRef = 8852DDEF2A563DB500AFCC73 /* UserDefaultsWorker.swift */; };
		886480E32AA0104100F52C3F /* ForgotPasswordScreen.swift in Sources */ = {isa = PBXBuildFile; fileRef = 886480E22AA0104100F52C3F /* ForgotPasswordScreen.swift */; };
		886480E52AA03B2C00F52C3F /* SignUpService.swift in Sources */ = {isa = PBXBuildFile; fileRef = 886480E42AA03B2C00F52C3F /* SignUpService.swift */; };
		8869C25129E826CD0095C363 /* MyCreativeCollectionTests.swift in Sources */ = {isa = PBXBuildFile; fileRef = 8869C25029E826CD0095C363 /* MyCreativeCollectionTests.swift */; };
		8869C29929E830960095C363 /* MyCreativeCollectionUITests.swift in Sources */ = {isa = PBXBuildFile; fileRef = 8869C29829E830960095C363 /* MyCreativeCollectionUITests.swift */; };
		8869C29B29E830960095C363 /* MyCreativeCollectionUITestsLaunchTests.swift in Sources */ = {isa = PBXBuildFile; fileRef = 8869C29A29E830960095C363 /* MyCreativeCollectionUITestsLaunchTests.swift */; };
		8869C2A929E89D9B0095C363 /* NothingHere.swift in Sources */ = {isa = PBXBuildFile; fileRef = 8869C2A829E89D9B0095C363 /* NothingHere.swift */; };
		886CB92C29E5FD0E0003E3DB /* MyCreativeCollectionApp.swift in Sources */ = {isa = PBXBuildFile; fileRef = 886CB92B29E5FD0E0003E3DB /* MyCreativeCollectionApp.swift */; };
		886CB92E29E5FD0E0003E3DB /* CollectionsScreen.swift in Sources */ = {isa = PBXBuildFile; fileRef = 886CB92D29E5FD0E0003E3DB /* CollectionsScreen.swift */; };
		886CB93029E5FD0F0003E3DB /* Assets.xcassets in Resources */ = {isa = PBXBuildFile; fileRef = 886CB92F29E5FD0F0003E3DB /* Assets.xcassets */; };
		886CB93429E5FD0F0003E3DB /* Preview Assets.xcassets in Resources */ = {isa = PBXBuildFile; fileRef = 886CB93329E5FD0F0003E3DB /* Preview Assets.xcassets */; };
		886CB93C29E5FFC40003E3DB /* CollectionScreen.swift in Sources */ = {isa = PBXBuildFile; fileRef = 886CB93B29E5FFC40003E3DB /* CollectionScreen.swift */; };
		886CB93E29E605860003E3DB /* CreateCollectionScreen.swift in Sources */ = {isa = PBXBuildFile; fileRef = 886CB93D29E605860003E3DB /* CreateCollectionScreen.swift */; };
		886CB94029E6087C0003E3DB /* CreateThingScreen.swift in Sources */ = {isa = PBXBuildFile; fileRef = 886CB93F29E6087C0003E3DB /* CreateThingScreen.swift */; };
		886CB94529E624940003E3DB /* NavigationModel.swift in Sources */ = {isa = PBXBuildFile; fileRef = 886CB94429E624940003E3DB /* NavigationModel.swift */; };
		887227332AB4FC72005A91B6 /* DSButton.swift in Sources */ = {isa = PBXBuildFile; fileRef = 887227322AB4FC72005A91B6 /* DSButton.swift */; };
		887227352AB4FF13005A91B6 /* DSNavigationLink.swift in Sources */ = {isa = PBXBuildFile; fileRef = 887227342AB4FF13005A91B6 /* DSNavigationLink.swift */; };
		889D782A2AB3BB4200BD9988 /* JetBrainsMonoNL-ThinItalic.ttf in Resources */ = {isa = PBXBuildFile; fileRef = 889D78252AB3BB3300BD9988 /* JetBrainsMonoNL-ThinItalic.ttf */; };
		889D782B2AB3BB4200BD9988 /* JetBrainsMonoNL-Light.ttf in Resources */ = {isa = PBXBuildFile; fileRef = 889D781F2AB3BB3200BD9988 /* JetBrainsMonoNL-Light.ttf */; };
		889D782C2AB3BB4200BD9988 /* JetBrainsMonoNL-BoldItalic.ttf in Resources */ = {isa = PBXBuildFile; fileRef = 889D781B2AB3BB3200BD9988 /* JetBrainsMonoNL-BoldItalic.ttf */; };
		889D782D2AB3BB4200BD9988 /* JetBrainsMonoNL-SemiBoldItalic.ttf in Resources */ = {isa = PBXBuildFile; fileRef = 889D78272AB3BB3300BD9988 /* JetBrainsMonoNL-SemiBoldItalic.ttf */; };
		889D782E2AB3BB4200BD9988 /* JetBrainsMonoNL-Bold.ttf in Resources */ = {isa = PBXBuildFile; fileRef = 889D78282AB3BB3400BD9988 /* JetBrainsMonoNL-Bold.ttf */; };
		889D782F2AB3BB4200BD9988 /* JetBrainsMonoNL-Medium.ttf in Resources */ = {isa = PBXBuildFile; fileRef = 889D78262AB3BB3300BD9988 /* JetBrainsMonoNL-Medium.ttf */; };
		889D78302AB3BB4200BD9988 /* JetBrainsMonoNL-Thin.ttf in Resources */ = {isa = PBXBuildFile; fileRef = 889D78202AB3BB3200BD9988 /* JetBrainsMonoNL-Thin.ttf */; };
		889D78312AB3BB4200BD9988 /* JetBrainsMonoNL-ExtraLight.ttf in Resources */ = {isa = PBXBuildFile; fileRef = 889D78212AB3BB3300BD9988 /* JetBrainsMonoNL-ExtraLight.ttf */; };
		889D78322AB3BB4200BD9988 /* JetBrainsMonoNL-LightItalic.ttf in Resources */ = {isa = PBXBuildFile; fileRef = 889D78222AB3BB3300BD9988 /* JetBrainsMonoNL-LightItalic.ttf */; };
		889D78332AB3BB4200BD9988 /* JetBrainsMonoNL-ExtraLightItalic.ttf in Resources */ = {isa = PBXBuildFile; fileRef = 889D78292AB3BB3400BD9988 /* JetBrainsMonoNL-ExtraLightItalic.ttf */; };
		889D78342AB3BB4200BD9988 /* JetBrainsMonoNL-Italic.ttf in Resources */ = {isa = PBXBuildFile; fileRef = 889D781C2AB3BB3200BD9988 /* JetBrainsMonoNL-Italic.ttf */; };
		889D78352AB3BB4200BD9988 /* JetBrainsMonoNL-ExtraBoldItalic.ttf in Resources */ = {isa = PBXBuildFile; fileRef = 889D781D2AB3BB3200BD9988 /* JetBrainsMonoNL-ExtraBoldItalic.ttf */; };
		889D78362AB3BB4200BD9988 /* JetBrainsMonoNL-Regular.ttf in Resources */ = {isa = PBXBuildFile; fileRef = 889D78242AB3BB3300BD9988 /* JetBrainsMonoNL-Regular.ttf */; };
		889D78372AB3BB4200BD9988 /* JetBrainsMonoNL-MediumItalic.ttf in Resources */ = {isa = PBXBuildFile; fileRef = 889D781A2AB3BB3100BD9988 /* JetBrainsMonoNL-MediumItalic.ttf */; };
		889D78382AB3BB4200BD9988 /* JetBrainsMonoNL-ExtraBold.ttf in Resources */ = {isa = PBXBuildFile; fileRef = 889D781E2AB3BB3200BD9988 /* JetBrainsMonoNL-ExtraBold.ttf */; };
		889D78392AB3BB4200BD9988 /* JetBrainsMonoNL-SemiBold.ttf in Resources */ = {isa = PBXBuildFile; fileRef = 889D78232AB3BB3300BD9988 /* JetBrainsMonoNL-SemiBold.ttf */; };
		88AC870A2A68BBA70049BE0E /* CollectionService.swift in Sources */ = {isa = PBXBuildFile; fileRef = 88AC87092A68BBA70049BE0E /* CollectionService.swift */; };
		88AC870C2A68BC4D0049BE0E /* CollectionModel.swift in Sources */ = {isa = PBXBuildFile; fileRef = 88AC870B2A68BC4D0049BE0E /* CollectionModel.swift */; };
		88AC870F2A6B10C80049BE0E /* Localizable.strings in Resources */ = {isa = PBXBuildFile; fileRef = 88AC87112A6B10C80049BE0E /* Localizable.strings */; };
		88D5656C2A7980EC00A5AC8D /* ThingService.swift in Sources */ = {isa = PBXBuildFile; fileRef = 88D5656B2A7980EC00A5AC8D /* ThingService.swift */; };
		88D5656E2A79852C00A5AC8D /* ThingModel.swift in Sources */ = {isa = PBXBuildFile; fileRef = 88D5656D2A79852C00A5AC8D /* ThingModel.swift */; };
		88D8A84E2A9A500200180222 /* SignUpScreen.swift in Sources */ = {isa = PBXBuildFile; fileRef = 88D8A84D2A9A500200180222 /* SignUpScreen.swift */; };
		88D8A8502A9A5D8300180222 /* View+Extensions.swift in Sources */ = {isa = PBXBuildFile; fileRef = 88D8A84F2A9A5D8300180222 /* View+Extensions.swift */; };
		88F61B692ABA658D00A0D210 /* Navigator.swift in Sources */ = {isa = PBXBuildFile; fileRef = 88F61B682ABA658D00A0D210 /* Navigator.swift */; };
/* End PBXBuildFile section */

/* Begin PBXContainerItemProxy section */
		8869C25229E826CD0095C363 /* PBXContainerItemProxy */ = {
			isa = PBXContainerItemProxy;
			containerPortal = 886CB92029E5FD0E0003E3DB /* Project object */;
			proxyType = 1;
			remoteGlobalIDString = 886CB92729E5FD0E0003E3DB;
			remoteInfo = MyCreativeCollection;
		};
		8869C29C29E830960095C363 /* PBXContainerItemProxy */ = {
			isa = PBXContainerItemProxy;
			containerPortal = 886CB92029E5FD0E0003E3DB /* Project object */;
			proxyType = 1;
			remoteGlobalIDString = 886CB92729E5FD0E0003E3DB;
			remoteInfo = MyCreativeCollection;
		};
/* End PBXContainerItemProxy section */

/* Begin PBXCopyFilesBuildPhase section */
		8869C2BC29E8C5FD0095C363 /* Embed Foundation Extensions */ = {
			isa = PBXCopyFilesBuildPhase;
			buildActionMask = 2147483647;
			dstPath = "";
			dstSubfolderSpec = 13;
			files = (
			);
			name = "Embed Foundation Extensions";
			runOnlyForDeploymentPostprocessing = 0;
		};
/* End PBXCopyFilesBuildPhase section */

/* Begin PBXFileReference section */
		8805C30D2AB620CC009F53F3 /* DSTextField.swift */ = {isa = PBXFileReference; lastKnownFileType = sourcecode.swift; path = DSTextField.swift; sourceTree = "<group>"; };
		8805C30F2AB63680009F53F3 /* SocialMediaSignInButtons.swift */ = {isa = PBXFileReference; lastKnownFileType = sourcecode.swift; path = SocialMediaSignInButtons.swift; sourceTree = "<group>"; };
		8805C3112AB6389A009F53F3 /* CopyrightInfo.swift */ = {isa = PBXFileReference; lastKnownFileType = sourcecode.swift; path = CopyrightInfo.swift; sourceTree = "<group>"; };
		8805C3192AB63A58009F53F3 /* TextDefaultStyle.swift */ = {isa = PBXFileReference; lastKnownFileType = sourcecode.swift; path = TextDefaultStyle.swift; sourceTree = "<group>"; };
		881905212A6D780000102C25 /* ContentView.swift */ = {isa = PBXFileReference; lastKnownFileType = sourcecode.swift; path = ContentView.swift; sourceTree = "<group>"; };
		881905232A6D78BB00102C25 /* ViewModel.swift */ = {isa = PBXFileReference; lastKnownFileType = sourcecode.swift; path = ViewModel.swift; sourceTree = "<group>"; };
		882E481D2AA7F4EB005BA082 /* TextFieldDefaultStyle.swift */ = {isa = PBXFileReference; lastKnownFileType = sourcecode.swift; path = TextFieldDefaultStyle.swift; sourceTree = "<group>"; };
		882E481F2AA7F8DF005BA082 /* DSPasswordField.swift */ = {isa = PBXFileReference; lastKnownFileType = sourcecode.swift; path = DSPasswordField.swift; sourceTree = "<group>"; };
		882E48212AA7FA03005BA082 /* FocusedFieldsValues.swift */ = {isa = PBXFileReference; lastKnownFileType = sourcecode.swift; path = FocusedFieldsValues.swift; sourceTree = "<group>"; };
		883E78942A1FE5DB0012EB93 /* LoginScreen.swift */ = {isa = PBXFileReference; lastKnownFileType = sourcecode.swift; path = LoginScreen.swift; sourceTree = "<group>"; };
		883E78962A2028D00012EB93 /* Color+Extensions.swift */ = {isa = PBXFileReference; lastKnownFileType = sourcecode.swift; path = "Color+Extensions.swift"; sourceTree = "<group>"; };
		883FB7312A71BDD200F6AC1B /* CommonNetwork.swift */ = {isa = PBXFileReference; lastKnownFileType = sourcecode.swift; path = CommonNetwork.swift; sourceTree = "<group>"; };
		88495B742A759A2600A0360E /* ToolbarItemButton.swift */ = {isa = PBXFileReference; lastKnownFileType = sourcecode.swift; path = ToolbarItemButton.swift; sourceTree = "<group>"; };
		8852DDE42A56193E00AFCC73 /* LoginService.swift */ = {isa = PBXFileReference; lastKnownFileType = sourcecode.swift; path = LoginService.swift; sourceTree = "<group>"; };
		8852DDE62A561AF300AFCC73 /* LoginModel.swift */ = {isa = PBXFileReference; lastKnownFileType = sourcecode.swift; path = LoginModel.swift; sourceTree = "<group>"; };
		8852DDEA2A56225200AFCC73 /* SignUpModel.swift */ = {isa = PBXFileReference; lastKnownFileType = sourcecode.swift; path = SignUpModel.swift; sourceTree = "<group>"; };
		8852DDEF2A563DB500AFCC73 /* UserDefaultsWorker.swift */ = {isa = PBXFileReference; lastKnownFileType = sourcecode.swift; path = UserDefaultsWorker.swift; sourceTree = "<group>"; };
		886480E22AA0104100F52C3F /* ForgotPasswordScreen.swift */ = {isa = PBXFileReference; lastKnownFileType = sourcecode.swift; path = ForgotPasswordScreen.swift; sourceTree = "<group>"; };
		886480E42AA03B2C00F52C3F /* SignUpService.swift */ = {isa = PBXFileReference; lastKnownFileType = sourcecode.swift; path = SignUpService.swift; sourceTree = "<group>"; };
		8869C24E29E826CD0095C363 /* MyCreativeCollectionTests.xctest */ = {isa = PBXFileReference; explicitFileType = wrapper.cfbundle; includeInIndex = 0; path = MyCreativeCollectionTests.xctest; sourceTree = BUILT_PRODUCTS_DIR; };
		8869C25029E826CD0095C363 /* MyCreativeCollectionTests.swift */ = {isa = PBXFileReference; lastKnownFileType = sourcecode.swift; path = MyCreativeCollectionTests.swift; sourceTree = "<group>"; };
		8869C29629E830960095C363 /* MyCreativeCollectionUITests.xctest */ = {isa = PBXFileReference; explicitFileType = wrapper.cfbundle; includeInIndex = 0; path = MyCreativeCollectionUITests.xctest; sourceTree = BUILT_PRODUCTS_DIR; };
		8869C29829E830960095C363 /* MyCreativeCollectionUITests.swift */ = {isa = PBXFileReference; lastKnownFileType = sourcecode.swift; path = MyCreativeCollectionUITests.swift; sourceTree = "<group>"; };
		8869C29A29E830960095C363 /* MyCreativeCollectionUITestsLaunchTests.swift */ = {isa = PBXFileReference; lastKnownFileType = sourcecode.swift; path = MyCreativeCollectionUITestsLaunchTests.swift; sourceTree = "<group>"; };
		8869C2A829E89D9B0095C363 /* NothingHere.swift */ = {isa = PBXFileReference; lastKnownFileType = sourcecode.swift; path = NothingHere.swift; sourceTree = "<group>"; };
		886CB92829E5FD0E0003E3DB /* MyCreativeCollection.app */ = {isa = PBXFileReference; explicitFileType = wrapper.application; includeInIndex = 0; path = MyCreativeCollection.app; sourceTree = BUILT_PRODUCTS_DIR; };
		886CB92B29E5FD0E0003E3DB /* MyCreativeCollectionApp.swift */ = {isa = PBXFileReference; lastKnownFileType = sourcecode.swift; path = MyCreativeCollectionApp.swift; sourceTree = "<group>"; };
		886CB92D29E5FD0E0003E3DB /* CollectionsScreen.swift */ = {isa = PBXFileReference; lastKnownFileType = sourcecode.swift; path = CollectionsScreen.swift; sourceTree = "<group>"; };
		886CB92F29E5FD0F0003E3DB /* Assets.xcassets */ = {isa = PBXFileReference; lastKnownFileType = folder.assetcatalog; path = Assets.xcassets; sourceTree = "<group>"; };
		886CB93129E5FD0F0003E3DB /* MyCreativeCollection.entitlements */ = {isa = PBXFileReference; lastKnownFileType = text.plist.entitlements; path = MyCreativeCollection.entitlements; sourceTree = "<group>"; };
		886CB93329E5FD0F0003E3DB /* Preview Assets.xcassets */ = {isa = PBXFileReference; lastKnownFileType = folder.assetcatalog; path = "Preview Assets.xcassets"; sourceTree = "<group>"; };
		886CB93B29E5FFC40003E3DB /* CollectionScreen.swift */ = {isa = PBXFileReference; lastKnownFileType = sourcecode.swift; path = CollectionScreen.swift; sourceTree = "<group>"; };
		886CB93D29E605860003E3DB /* CreateCollectionScreen.swift */ = {isa = PBXFileReference; lastKnownFileType = sourcecode.swift; path = CreateCollectionScreen.swift; sourceTree = "<group>"; };
		886CB93F29E6087C0003E3DB /* CreateThingScreen.swift */ = {isa = PBXFileReference; lastKnownFileType = sourcecode.swift; path = CreateThingScreen.swift; sourceTree = "<group>"; };
		886CB94429E624940003E3DB /* NavigationModel.swift */ = {isa = PBXFileReference; lastKnownFileType = sourcecode.swift; path = NavigationModel.swift; sourceTree = "<group>"; };
		887227322AB4FC72005A91B6 /* DSButton.swift */ = {isa = PBXFileReference; lastKnownFileType = sourcecode.swift; path = DSButton.swift; sourceTree = "<group>"; };
		887227342AB4FF13005A91B6 /* DSNavigationLink.swift */ = {isa = PBXFileReference; lastKnownFileType = sourcecode.swift; path = DSNavigationLink.swift; sourceTree = "<group>"; };
		889D781A2AB3BB3100BD9988 /* JetBrainsMonoNL-MediumItalic.ttf */ = {isa = PBXFileReference; lastKnownFileType = file; name = "JetBrainsMonoNL-MediumItalic.ttf"; path = "../../../../../../../Downloads/JetBrainsMono-2-2/fonts/ttf/JetBrainsMonoNL-MediumItalic.ttf"; sourceTree = "<group>"; };
		889D781B2AB3BB3200BD9988 /* JetBrainsMonoNL-BoldItalic.ttf */ = {isa = PBXFileReference; lastKnownFileType = file; name = "JetBrainsMonoNL-BoldItalic.ttf"; path = "../../../../../../../Downloads/JetBrainsMono-2-2/fonts/ttf/JetBrainsMonoNL-BoldItalic.ttf"; sourceTree = "<group>"; };
		889D781C2AB3BB3200BD9988 /* JetBrainsMonoNL-Italic.ttf */ = {isa = PBXFileReference; lastKnownFileType = file; name = "JetBrainsMonoNL-Italic.ttf"; path = "../../../../../../../Downloads/JetBrainsMono-2-2/fonts/ttf/JetBrainsMonoNL-Italic.ttf"; sourceTree = "<group>"; };
		889D781D2AB3BB3200BD9988 /* JetBrainsMonoNL-ExtraBoldItalic.ttf */ = {isa = PBXFileReference; lastKnownFileType = file; name = "JetBrainsMonoNL-ExtraBoldItalic.ttf"; path = "../../../../../../../Downloads/JetBrainsMono-2-2/fonts/ttf/JetBrainsMonoNL-ExtraBoldItalic.ttf"; sourceTree = "<group>"; };
		889D781E2AB3BB3200BD9988 /* JetBrainsMonoNL-ExtraBold.ttf */ = {isa = PBXFileReference; lastKnownFileType = file; name = "JetBrainsMonoNL-ExtraBold.ttf"; path = "../../../../../../../Downloads/JetBrainsMono-2-2/fonts/ttf/JetBrainsMonoNL-ExtraBold.ttf"; sourceTree = "<group>"; };
		889D781F2AB3BB3200BD9988 /* JetBrainsMonoNL-Light.ttf */ = {isa = PBXFileReference; lastKnownFileType = file; name = "JetBrainsMonoNL-Light.ttf"; path = "../../../../../../../Downloads/JetBrainsMono-2-2/fonts/ttf/JetBrainsMonoNL-Light.ttf"; sourceTree = "<group>"; };
		889D78202AB3BB3200BD9988 /* JetBrainsMonoNL-Thin.ttf */ = {isa = PBXFileReference; lastKnownFileType = file; name = "JetBrainsMonoNL-Thin.ttf"; path = "../../../../../../../Downloads/JetBrainsMono-2-2/fonts/ttf/JetBrainsMonoNL-Thin.ttf"; sourceTree = "<group>"; };
		889D78212AB3BB3300BD9988 /* JetBrainsMonoNL-ExtraLight.ttf */ = {isa = PBXFileReference; lastKnownFileType = file; name = "JetBrainsMonoNL-ExtraLight.ttf"; path = "../../../../../../../Downloads/JetBrainsMono-2-2/fonts/ttf/JetBrainsMonoNL-ExtraLight.ttf"; sourceTree = "<group>"; };
		889D78222AB3BB3300BD9988 /* JetBrainsMonoNL-LightItalic.ttf */ = {isa = PBXFileReference; lastKnownFileType = file; name = "JetBrainsMonoNL-LightItalic.ttf"; path = "../../../../../../../Downloads/JetBrainsMono-2-2/fonts/ttf/JetBrainsMonoNL-LightItalic.ttf"; sourceTree = "<group>"; };
		889D78232AB3BB3300BD9988 /* JetBrainsMonoNL-SemiBold.ttf */ = {isa = PBXFileReference; lastKnownFileType = file; name = "JetBrainsMonoNL-SemiBold.ttf"; path = "../../../../../../../Downloads/JetBrainsMono-2-2/fonts/ttf/JetBrainsMonoNL-SemiBold.ttf"; sourceTree = "<group>"; };
		889D78242AB3BB3300BD9988 /* JetBrainsMonoNL-Regular.ttf */ = {isa = PBXFileReference; lastKnownFileType = file; name = "JetBrainsMonoNL-Regular.ttf"; path = "../../../../../../../Downloads/JetBrainsMono-2-2/fonts/ttf/JetBrainsMonoNL-Regular.ttf"; sourceTree = "<group>"; };
		889D78252AB3BB3300BD9988 /* JetBrainsMonoNL-ThinItalic.ttf */ = {isa = PBXFileReference; lastKnownFileType = file; name = "JetBrainsMonoNL-ThinItalic.ttf"; path = "../../../../../../../Downloads/JetBrainsMono-2-2/fonts/ttf/JetBrainsMonoNL-ThinItalic.ttf"; sourceTree = "<group>"; };
		889D78262AB3BB3300BD9988 /* JetBrainsMonoNL-Medium.ttf */ = {isa = PBXFileReference; lastKnownFileType = file; name = "JetBrainsMonoNL-Medium.ttf"; path = "../../../../../../../Downloads/JetBrainsMono-2-2/fonts/ttf/JetBrainsMonoNL-Medium.ttf"; sourceTree = "<group>"; };
		889D78272AB3BB3300BD9988 /* JetBrainsMonoNL-SemiBoldItalic.ttf */ = {isa = PBXFileReference; lastKnownFileType = file; name = "JetBrainsMonoNL-SemiBoldItalic.ttf"; path = "../../../../../../../Downloads/JetBrainsMono-2-2/fonts/ttf/JetBrainsMonoNL-SemiBoldItalic.ttf"; sourceTree = "<group>"; };
		889D78282AB3BB3400BD9988 /* JetBrainsMonoNL-Bold.ttf */ = {isa = PBXFileReference; lastKnownFileType = file; name = "JetBrainsMonoNL-Bold.ttf"; path = "../../../../../../../Downloads/JetBrainsMono-2-2/fonts/ttf/JetBrainsMonoNL-Bold.ttf"; sourceTree = "<group>"; };
		889D78292AB3BB3400BD9988 /* JetBrainsMonoNL-ExtraLightItalic.ttf */ = {isa = PBXFileReference; lastKnownFileType = file; name = "JetBrainsMonoNL-ExtraLightItalic.ttf"; path = "../../../../../../../Downloads/JetBrainsMono-2-2/fonts/ttf/JetBrainsMonoNL-ExtraLightItalic.ttf"; sourceTree = "<group>"; };
		889D783A2AB3BB7E00BD9988 /* Info.plist */ = {isa = PBXFileReference; lastKnownFileType = text.plist; path = Info.plist; sourceTree = "<group>"; };
		88AC87092A68BBA70049BE0E /* CollectionService.swift */ = {isa = PBXFileReference; lastKnownFileType = sourcecode.swift; path = CollectionService.swift; sourceTree = "<group>"; };
		88AC870B2A68BC4D0049BE0E /* CollectionModel.swift */ = {isa = PBXFileReference; lastKnownFileType = sourcecode.swift; path = CollectionModel.swift; sourceTree = "<group>"; };
		88AC87102A6B10C80049BE0E /* en */ = {isa = PBXFileReference; lastKnownFileType = text.plist.strings; name = en; path = en.lproj/Localizable.strings; sourceTree = "<group>"; };
		88AC87122A6B11B50049BE0E /* pt-BR */ = {isa = PBXFileReference; lastKnownFileType = text.plist.strings; name = "pt-BR"; path = "pt-BR.lproj/Localizable.strings"; sourceTree = "<group>"; };
		88D5656B2A7980EC00A5AC8D /* ThingService.swift */ = {isa = PBXFileReference; lastKnownFileType = sourcecode.swift; path = ThingService.swift; sourceTree = "<group>"; };
		88D5656D2A79852C00A5AC8D /* ThingModel.swift */ = {isa = PBXFileReference; lastKnownFileType = sourcecode.swift; path = ThingModel.swift; sourceTree = "<group>"; };
		88D8A84D2A9A500200180222 /* SignUpScreen.swift */ = {isa = PBXFileReference; lastKnownFileType = sourcecode.swift; path = SignUpScreen.swift; sourceTree = "<group>"; };
		88D8A84F2A9A5D8300180222 /* View+Extensions.swift */ = {isa = PBXFileReference; lastKnownFileType = sourcecode.swift; path = "View+Extensions.swift"; sourceTree = "<group>"; };
		88F61B682ABA658D00A0D210 /* Navigator.swift */ = {isa = PBXFileReference; lastKnownFileType = sourcecode.swift; path = Navigator.swift; sourceTree = "<group>"; };
/* End PBXFileReference section */

/* Begin PBXFrameworksBuildPhase section */
		8869C24B29E826CD0095C363 /* Frameworks */ = {
			isa = PBXFrameworksBuildPhase;
			buildActionMask = 2147483647;
			files = (
			);
			runOnlyForDeploymentPostprocessing = 0;
		};
		8869C29329E830960095C363 /* Frameworks */ = {
			isa = PBXFrameworksBuildPhase;
			buildActionMask = 2147483647;
			files = (
			);
			runOnlyForDeploymentPostprocessing = 0;
		};
		886CB92529E5FD0E0003E3DB /* Frameworks */ = {
			isa = PBXFrameworksBuildPhase;
			buildActionMask = 2147483647;
			files = (
				8852DDE22A5616E700AFCC73 /* Alamofire in Frameworks */,
			);
			runOnlyForDeploymentPostprocessing = 0;
		};
/* End PBXFrameworksBuildPhase section */

/* Begin PBXGroup section */
		880B93EB2A7B0A8A00481B18 /* extensions */ = {
			isa = PBXGroup;
			children = (
				883E78962A2028D00012EB93 /* Color+Extensions.swift */,
				88D8A84F2A9A5D8300180222 /* View+Extensions.swift */,
			);
			path = extensions;
			sourceTree = "<group>";
		};
		882E481A2AA7F493005BA082 /* modifiers */ = {
			isa = PBXGroup;
			children = (
				882E481D2AA7F4EB005BA082 /* TextFieldDefaultStyle.swift */,
				8805C3192AB63A58009F53F3 /* TextDefaultStyle.swift */,
			);
			path = modifiers;
			sourceTree = "<group>";
		};
		8852DDE32A56193000AFCC73 /* services */ = {
			isa = PBXGroup;
			children = (
				88D5656A2A7980DE00A5AC8D /* Thing */,
				88AC87082A68BB950049BE0E /* Collection */,
				8852DDE92A56222700AFCC73 /* SignUp */,
				8852DDE82A56221E00AFCC73 /* Login */,
				883FB7312A71BDD200F6AC1B /* CommonNetwork.swift */,
			);
			path = services;
			sourceTree = "<group>";
		};
		8852DDE82A56221E00AFCC73 /* Login */ = {
			isa = PBXGroup;
			children = (
				8852DDE42A56193E00AFCC73 /* LoginService.swift */,
				8852DDE62A561AF300AFCC73 /* LoginModel.swift */,
			);
			path = Login;
			sourceTree = "<group>";
		};
		8852DDE92A56222700AFCC73 /* SignUp */ = {
			isa = PBXGroup;
			children = (
				886480E42AA03B2C00F52C3F /* SignUpService.swift */,
				8852DDEA2A56225200AFCC73 /* SignUpModel.swift */,
			);
			path = SignUp;
			sourceTree = "<group>";
		};
		8852DDEC2A563D1700AFCC73 /* utils */ = {
			isa = PBXGroup;
			children = (
				8852DDEF2A563DB500AFCC73 /* UserDefaultsWorker.swift */,
				882E48212AA7FA03005BA082 /* FocusedFieldsValues.swift */,
			);
			path = utils;
			sourceTree = "<group>";
		};
		8869C24F29E826CD0095C363 /* MyCreativeCollectionTests */ = {
			isa = PBXGroup;
			children = (
				8869C25029E826CD0095C363 /* MyCreativeCollectionTests.swift */,
			);
			path = MyCreativeCollectionTests;
			sourceTree = "<group>";
		};
		8869C29729E830960095C363 /* MyCreativeCollectionUITests */ = {
			isa = PBXGroup;
			children = (
				8869C29829E830960095C363 /* MyCreativeCollectionUITests.swift */,
				8869C29A29E830960095C363 /* MyCreativeCollectionUITestsLaunchTests.swift */,
			);
			path = MyCreativeCollectionUITests;
			sourceTree = "<group>";
		};
		886CB91F29E5FD0E0003E3DB = {
			isa = PBXGroup;
			children = (
				886CB92A29E5FD0E0003E3DB /* MyCreativeCollection */,
				8869C24F29E826CD0095C363 /* MyCreativeCollectionTests */,
				8869C29729E830960095C363 /* MyCreativeCollectionUITests */,
				886CB92929E5FD0E0003E3DB /* Products */,
			);
			sourceTree = "<group>";
		};
		886CB92929E5FD0E0003E3DB /* Products */ = {
			isa = PBXGroup;
			children = (
				886CB92829E5FD0E0003E3DB /* MyCreativeCollection.app */,
				8869C24E29E826CD0095C363 /* MyCreativeCollectionTests.xctest */,
				8869C29629E830960095C363 /* MyCreativeCollectionUITests.xctest */,
			);
			name = Products;
			sourceTree = "<group>";
		};
		886CB92A29E5FD0E0003E3DB /* MyCreativeCollection */ = {
			isa = PBXGroup;
			children = (
				889D783A2AB3BB7E00BD9988 /* Info.plist */,
				889D78182AB3BB1D00BD9988 /* assets */,
				882E481A2AA7F493005BA082 /* modifiers */,
				880B93EB2A7B0A8A00481B18 /* extensions */,
				88D565692A79718C00A5AC8D /* navigation */,
				8852DDEC2A563D1700AFCC73 /* utils */,
				8852DDE32A56193000AFCC73 /* services */,
				88FC1E0329F9AD7D003EAC3C /* model */,
				886CB94129E620C90003E3DB /* components */,
				886CB93A29E5FFB80003E3DB /* screens */,
				886CB92B29E5FD0E0003E3DB /* MyCreativeCollectionApp.swift */,
				88AC87112A6B10C80049BE0E /* Localizable.strings */,
				886CB92F29E5FD0F0003E3DB /* Assets.xcassets */,
				886CB93129E5FD0F0003E3DB /* MyCreativeCollection.entitlements */,
				886CB93229E5FD0F0003E3DB /* Preview Content */,
			);
			path = MyCreativeCollection;
			sourceTree = "<group>";
		};
		886CB93229E5FD0F0003E3DB /* Preview Content */ = {
			isa = PBXGroup;
			children = (
				886CB93329E5FD0F0003E3DB /* Preview Assets.xcassets */,
			);
			path = "Preview Content";
			sourceTree = "<group>";
		};
		886CB93A29E5FFB80003E3DB /* screens */ = {
			isa = PBXGroup;
			children = (
				886CB93D29E605860003E3DB /* CreateCollectionScreen.swift */,
				886CB93F29E6087C0003E3DB /* CreateThingScreen.swift */,
			);
			path = screens;
			sourceTree = "<group>";
		};
		886CB94129E620C90003E3DB /* components */ = {
			isa = PBXGroup;
			children = (
				8869C2A829E89D9B0095C363 /* NothingHere.swift */,
				88495B742A759A2600A0360E /* ToolbarItemButton.swift */,
				882E481F2AA7F8DF005BA082 /* DSPasswordField.swift */,
				887227322AB4FC72005A91B6 /* DSButton.swift */,
				887227342AB4FF13005A91B6 /* DSNavigationLink.swift */,
				8805C30D2AB620CC009F53F3 /* DSTextField.swift */,
				8805C30F2AB63680009F53F3 /* SocialMediaSignInButtons.swift */,
				8805C3112AB6389A009F53F3 /* CopyrightInfo.swift */,
				88F61B682ABA658D00A0D210 /* Navigator.swift */,
			);
			path = components;
			sourceTree = "<group>";
		};
		889D78182AB3BB1D00BD9988 /* assets */ = {
			isa = PBXGroup;
			children = (
				889D78192AB3BB2500BD9988 /* fonts */,
			);
			path = assets;
			sourceTree = "<group>";
		};
		889D78192AB3BB2500BD9988 /* fonts */ = {
			isa = PBXGroup;
			children = (
				889D78282AB3BB3400BD9988 /* JetBrainsMonoNL-Bold.ttf */,
				889D781B2AB3BB3200BD9988 /* JetBrainsMonoNL-BoldItalic.ttf */,
				889D781E2AB3BB3200BD9988 /* JetBrainsMonoNL-ExtraBold.ttf */,
				889D781D2AB3BB3200BD9988 /* JetBrainsMonoNL-ExtraBoldItalic.ttf */,
				889D78212AB3BB3300BD9988 /* JetBrainsMonoNL-ExtraLight.ttf */,
				889D78292AB3BB3400BD9988 /* JetBrainsMonoNL-ExtraLightItalic.ttf */,
				889D781C2AB3BB3200BD9988 /* JetBrainsMonoNL-Italic.ttf */,
				889D781F2AB3BB3200BD9988 /* JetBrainsMonoNL-Light.ttf */,
				889D78222AB3BB3300BD9988 /* JetBrainsMonoNL-LightItalic.ttf */,
				889D78262AB3BB3300BD9988 /* JetBrainsMonoNL-Medium.ttf */,
				889D781A2AB3BB3100BD9988 /* JetBrainsMonoNL-MediumItalic.ttf */,
				889D78242AB3BB3300BD9988 /* JetBrainsMonoNL-Regular.ttf */,
				889D78232AB3BB3300BD9988 /* JetBrainsMonoNL-SemiBold.ttf */,
				889D78272AB3BB3300BD9988 /* JetBrainsMonoNL-SemiBoldItalic.ttf */,
				889D78202AB3BB3200BD9988 /* JetBrainsMonoNL-Thin.ttf */,
				889D78252AB3BB3300BD9988 /* JetBrainsMonoNL-ThinItalic.ttf */,
			);
			path = fonts;
			sourceTree = "<group>";
		};
		88AC87082A68BB950049BE0E /* Collection */ = {
			isa = PBXGroup;
			children = (
				88AC87092A68BBA70049BE0E /* CollectionService.swift */,
				88AC870B2A68BC4D0049BE0E /* CollectionModel.swift */,
			);
			path = Collection;
			sourceTree = "<group>";
		};
		88D565692A79718C00A5AC8D /* navigation */ = {
			isa = PBXGroup;
			children = (
				881905212A6D780000102C25 /* ContentView.swift */,
				886CB92D29E5FD0E0003E3DB /* CollectionsScreen.swift */,
				886CB93B29E5FFC40003E3DB /* CollectionScreen.swift */,
				883E78942A1FE5DB0012EB93 /* LoginScreen.swift */,
				88D8A84D2A9A500200180222 /* SignUpScreen.swift */,
				886480E22AA0104100F52C3F /* ForgotPasswordScreen.swift */,
			);
			path = navigation;
			sourceTree = "<group>";
		};
		88D5656A2A7980DE00A5AC8D /* Thing */ = {
			isa = PBXGroup;
			children = (
				88D5656B2A7980EC00A5AC8D /* ThingService.swift */,
				88D5656D2A79852C00A5AC8D /* ThingModel.swift */,
			);
			path = Thing;
			sourceTree = "<group>";
		};
		88FC1E0329F9AD7D003EAC3C /* model */ = {
			isa = PBXGroup;
			children = (
				886CB94429E624940003E3DB /* NavigationModel.swift */,
				881905232A6D78BB00102C25 /* ViewModel.swift */,
			);
			path = model;
			sourceTree = "<group>";
		};
/* End PBXGroup section */

/* Begin PBXNativeTarget section */
		8869C24D29E826CD0095C363 /* MyCreativeCollectionTests */ = {
			isa = PBXNativeTarget;
			buildConfigurationList = 8869C25429E826CD0095C363 /* Build configuration list for PBXNativeTarget "MyCreativeCollectionTests" */;
			buildPhases = (
				8869C24A29E826CD0095C363 /* Sources */,
				8869C24B29E826CD0095C363 /* Frameworks */,
				8869C24C29E826CD0095C363 /* Resources */,
			);
			buildRules = (
			);
			dependencies = (
				8869C25329E826CD0095C363 /* PBXTargetDependency */,
			);
			name = MyCreativeCollectionTests;
			productName = MyCreativeCollectionTests;
			productReference = 8869C24E29E826CD0095C363 /* MyCreativeCollectionTests.xctest */;
			productType = "com.apple.product-type.bundle.unit-test";
		};
		8869C29529E830960095C363 /* MyCreativeCollectionUITests */ = {
			isa = PBXNativeTarget;
			buildConfigurationList = 8869C29E29E830960095C363 /* Build configuration list for PBXNativeTarget "MyCreativeCollectionUITests" */;
			buildPhases = (
				8869C29229E830960095C363 /* Sources */,
				8869C29329E830960095C363 /* Frameworks */,
				8869C29429E830960095C363 /* Resources */,
			);
			buildRules = (
			);
			dependencies = (
				8869C29D29E830960095C363 /* PBXTargetDependency */,
			);
			name = MyCreativeCollectionUITests;
			productName = MyCreativeCollectionUITests;
			productReference = 8869C29629E830960095C363 /* MyCreativeCollectionUITests.xctest */;
			productType = "com.apple.product-type.bundle.ui-testing";
		};
		886CB92729E5FD0E0003E3DB /* MyCreativeCollection */ = {
			isa = PBXNativeTarget;
			buildConfigurationList = 886CB93729E5FD0F0003E3DB /* Build configuration list for PBXNativeTarget "MyCreativeCollection" */;
			buildPhases = (
				886CB92429E5FD0E0003E3DB /* Sources */,
				886CB92529E5FD0E0003E3DB /* Frameworks */,
				886CB92629E5FD0E0003E3DB /* Resources */,
				8869C2BC29E8C5FD0095C363 /* Embed Foundation Extensions */,
			);
			buildRules = (
			);
			dependencies = (
			);
			name = MyCreativeCollection;
			packageProductDependencies = (
				8852DDE12A5616E700AFCC73 /* Alamofire */,
			);
			productName = MyCreativeCollection;
			productReference = 886CB92829E5FD0E0003E3DB /* MyCreativeCollection.app */;
			productType = "com.apple.product-type.application";
		};
/* End PBXNativeTarget section */

/* Begin PBXProject section */
		886CB92029E5FD0E0003E3DB /* Project object */ = {
			isa = PBXProject;
			attributes = {
				BuildIndependentTargetsInParallel = 1;
				LastSwiftUpdateCheck = 1430;
				LastUpgradeCheck = 1430;
				TargetAttributes = {
					8869C24D29E826CD0095C363 = {
						CreatedOnToolsVersion = 14.3;
						TestTargetID = 886CB92729E5FD0E0003E3DB;
					};
					8869C29529E830960095C363 = {
						CreatedOnToolsVersion = 14.3;
						TestTargetID = 886CB92729E5FD0E0003E3DB;
					};
					886CB92729E5FD0E0003E3DB = {
						CreatedOnToolsVersion = 14.3;
					};
				};
			};
			buildConfigurationList = 886CB92329E5FD0E0003E3DB /* Build configuration list for PBXProject "MyCreativeCollection" */;
			compatibilityVersion = "Xcode 14.0";
			developmentRegion = en;
			hasScannedForEncodings = 0;
			knownRegions = (
				en,
				Base,
				"pt-BR",
			);
			mainGroup = 886CB91F29E5FD0E0003E3DB;
			packageReferences = (
				8852DDE02A5616E700AFCC73 /* XCRemoteSwiftPackageReference "Alamofire" */,
			);
			productRefGroup = 886CB92929E5FD0E0003E3DB /* Products */;
			projectDirPath = "";
			projectRoot = "";
			targets = (
				886CB92729E5FD0E0003E3DB /* MyCreativeCollection */,
				8869C24D29E826CD0095C363 /* MyCreativeCollectionTests */,
				8869C29529E830960095C363 /* MyCreativeCollectionUITests */,
			);
		};
/* End PBXProject section */

/* Begin PBXResourcesBuildPhase section */
		8869C24C29E826CD0095C363 /* Resources */ = {
			isa = PBXResourcesBuildPhase;
			buildActionMask = 2147483647;
			files = (
			);
			runOnlyForDeploymentPostprocessing = 0;
		};
		8869C29429E830960095C363 /* Resources */ = {
			isa = PBXResourcesBuildPhase;
			buildActionMask = 2147483647;
			files = (
			);
			runOnlyForDeploymentPostprocessing = 0;
		};
		886CB92629E5FD0E0003E3DB /* Resources */ = {
			isa = PBXResourcesBuildPhase;
			buildActionMask = 2147483647;
			files = (
				886CB93429E5FD0F0003E3DB /* Preview Assets.xcassets in Resources */,
				889D782A2AB3BB4200BD9988 /* JetBrainsMonoNL-ThinItalic.ttf in Resources */,
				889D78342AB3BB4200BD9988 /* JetBrainsMonoNL-Italic.ttf in Resources */,
				88AC870F2A6B10C80049BE0E /* Localizable.strings in Resources */,
				889D78332AB3BB4200BD9988 /* JetBrainsMonoNL-ExtraLightItalic.ttf in Resources */,
				889D78372AB3BB4200BD9988 /* JetBrainsMonoNL-MediumItalic.ttf in Resources */,
				889D782D2AB3BB4200BD9988 /* JetBrainsMonoNL-SemiBoldItalic.ttf in Resources */,
				889D78392AB3BB4200BD9988 /* JetBrainsMonoNL-SemiBold.ttf in Resources */,
				889D782B2AB3BB4200BD9988 /* JetBrainsMonoNL-Light.ttf in Resources */,
				889D78382AB3BB4200BD9988 /* JetBrainsMonoNL-ExtraBold.ttf in Resources */,
				889D78312AB3BB4200BD9988 /* JetBrainsMonoNL-ExtraLight.ttf in Resources */,
				886CB93029E5FD0F0003E3DB /* Assets.xcassets in Resources */,
				889D782C2AB3BB4200BD9988 /* JetBrainsMonoNL-BoldItalic.ttf in Resources */,
				889D782F2AB3BB4200BD9988 /* JetBrainsMonoNL-Medium.ttf in Resources */,
				889D78362AB3BB4200BD9988 /* JetBrainsMonoNL-Regular.ttf in Resources */,
				889D782E2AB3BB4200BD9988 /* JetBrainsMonoNL-Bold.ttf in Resources */,
				889D78302AB3BB4200BD9988 /* JetBrainsMonoNL-Thin.ttf in Resources */,
				889D78352AB3BB4200BD9988 /* JetBrainsMonoNL-ExtraBoldItalic.ttf in Resources */,
				889D78322AB3BB4200BD9988 /* JetBrainsMonoNL-LightItalic.ttf in Resources */,
			);
			runOnlyForDeploymentPostprocessing = 0;
		};
/* End PBXResourcesBuildPhase section */

/* Begin PBXSourcesBuildPhase section */
		8869C24A29E826CD0095C363 /* Sources */ = {
			isa = PBXSourcesBuildPhase;
			buildActionMask = 2147483647;
			files = (
				8869C25129E826CD0095C363 /* MyCreativeCollectionTests.swift in Sources */,
			);
			runOnlyForDeploymentPostprocessing = 0;
		};
		8869C29229E830960095C363 /* Sources */ = {
			isa = PBXSourcesBuildPhase;
			buildActionMask = 2147483647;
			files = (
				8869C29929E830960095C363 /* MyCreativeCollectionUITests.swift in Sources */,
				8869C29B29E830960095C363 /* MyCreativeCollectionUITestsLaunchTests.swift in Sources */,
			);
			runOnlyForDeploymentPostprocessing = 0;
		};
		886CB92429E5FD0E0003E3DB /* Sources */ = {
			isa = PBXSourcesBuildPhase;
			buildActionMask = 2147483647;
			files = (
				886CB92E29E5FD0E0003E3DB /* CollectionsScreen.swift in Sources */,
				886480E32AA0104100F52C3F /* ForgotPasswordScreen.swift in Sources */,
				883FB7322A71BDD200F6AC1B /* CommonNetwork.swift in Sources */,
				8805C31A2AB63A58009F53F3 /* TextDefaultStyle.swift in Sources */,
				8852DDE72A561AF300AFCC73 /* LoginModel.swift in Sources */,
				887227352AB4FF13005A91B6 /* DSNavigationLink.swift in Sources */,
				88D5656C2A7980EC00A5AC8D /* ThingService.swift in Sources */,
				8805C3122AB6389A009F53F3 /* CopyrightInfo.swift in Sources */,
				8852DDE52A56193E00AFCC73 /* LoginService.swift in Sources */,
				88AC870C2A68BC4D0049BE0E /* CollectionModel.swift in Sources */,
				881905242A6D78BB00102C25 /* ViewModel.swift in Sources */,
				882E48222AA7FA03005BA082 /* FocusedFieldsValues.swift in Sources */,
				887227332AB4FC72005A91B6 /* DSButton.swift in Sources */,
				8805C3102AB63680009F53F3 /* SocialMediaSignInButtons.swift in Sources */,
				8852DDF02A563DB500AFCC73 /* UserDefaultsWorker.swift in Sources */,
				88D8A8502A9A5D8300180222 /* View+Extensions.swift in Sources */,
				88495B752A759A2600A0360E /* ToolbarItemButton.swift in Sources */,
				886CB93C29E5FFC40003E3DB /* CollectionScreen.swift in Sources */,
				881905222A6D780000102C25 /* ContentView.swift in Sources */,
				883E78952A1FE5DB0012EB93 /* LoginScreen.swift in Sources */,
				883E78972A2028D00012EB93 /* Color+Extensions.swift in Sources */,
				88F61B692ABA658D00A0D210 /* Navigator.swift in Sources */,
				88D8A84E2A9A500200180222 /* SignUpScreen.swift in Sources */,
				886CB92C29E5FD0E0003E3DB /* MyCreativeCollectionApp.swift in Sources */,
				886CB94029E6087C0003E3DB /* CreateThingScreen.swift in Sources */,
				886CB93E29E605860003E3DB /* CreateCollectionScreen.swift in Sources */,
				882E481E2AA7F4EB005BA082 /* TextFieldDefaultStyle.swift in Sources */,
				8852DDEB2A56225200AFCC73 /* SignUpModel.swift in Sources */,
				8805C30E2AB620CC009F53F3 /* DSTextField.swift in Sources */,
				88AC870A2A68BBA70049BE0E /* CollectionService.swift in Sources */,
				882E48202AA7F8DF005BA082 /* DSPasswordField.swift in Sources */,
				886480E52AA03B2C00F52C3F /* SignUpService.swift in Sources */,
				8869C2A929E89D9B0095C363 /* NothingHere.swift in Sources */,
				88D5656E2A79852C00A5AC8D /* ThingModel.swift in Sources */,
				886CB94529E624940003E3DB /* NavigationModel.swift in Sources */,
			);
			runOnlyForDeploymentPostprocessing = 0;
		};
/* End PBXSourcesBuildPhase section */

/* Begin PBXTargetDependency section */
		8869C25329E826CD0095C363 /* PBXTargetDependency */ = {
			isa = PBXTargetDependency;
			target = 886CB92729E5FD0E0003E3DB /* MyCreativeCollection */;
			targetProxy = 8869C25229E826CD0095C363 /* PBXContainerItemProxy */;
		};
		8869C29D29E830960095C363 /* PBXTargetDependency */ = {
			isa = PBXTargetDependency;
			target = 886CB92729E5FD0E0003E3DB /* MyCreativeCollection */;
			targetProxy = 8869C29C29E830960095C363 /* PBXContainerItemProxy */;
		};
/* End PBXTargetDependency section */

/* Begin PBXVariantGroup section */
		88AC87112A6B10C80049BE0E /* Localizable.strings */ = {
			isa = PBXVariantGroup;
			children = (
				88AC87102A6B10C80049BE0E /* en */,
				88AC87122A6B11B50049BE0E /* pt-BR */,
			);
			name = Localizable.strings;
			sourceTree = "<group>";
		};
/* End PBXVariantGroup section */

/* Begin XCBuildConfiguration section */
		8869C25529E826CD0095C363 /* Debug */ = {
			isa = XCBuildConfiguration;
			buildSettings = {
				BUNDLE_LOADER = "$(TEST_HOST)";
				CODE_SIGN_STYLE = Automatic;
				CURRENT_PROJECT_VERSION = 1;
				DEVELOPMENT_TEAM = 938L7H5GMC;
				GENERATE_INFOPLIST_FILE = YES;
				IPHONEOS_DEPLOYMENT_TARGET = 16.4;
				MACOSX_DEPLOYMENT_TARGET = 13.3;
				MARKETING_VERSION = 1.0;
				PRODUCT_BUNDLE_IDENTIFIER = tkoff0110.MyCreativeCollectionTests;
				PRODUCT_NAME = "$(TARGET_NAME)";
				SDKROOT = auto;
				SUPPORTED_PLATFORMS = "iphoneos iphonesimulator";
				SUPPORTS_MACCATALYST = NO;
				SUPPORTS_MAC_DESIGNED_FOR_IPHONE_IPAD = NO;
				SWIFT_EMIT_LOC_STRINGS = NO;
				SWIFT_VERSION = 5.0;
				TARGETED_DEVICE_FAMILY = 1;
				TEST_HOST = "$(BUILT_PRODUCTS_DIR)/MyCreativeCollection.app/$(BUNDLE_EXECUTABLE_FOLDER_PATH)/MyCreativeCollection";
			};
			name = Debug;
		};
		8869C25629E826CD0095C363 /* Release */ = {
			isa = XCBuildConfiguration;
			buildSettings = {
				BUNDLE_LOADER = "$(TEST_HOST)";
				CODE_SIGN_STYLE = Automatic;
				CURRENT_PROJECT_VERSION = 1;
				DEVELOPMENT_TEAM = 938L7H5GMC;
				GENERATE_INFOPLIST_FILE = YES;
				IPHONEOS_DEPLOYMENT_TARGET = 16.4;
				MACOSX_DEPLOYMENT_TARGET = 13.3;
				MARKETING_VERSION = 1.0;
				PRODUCT_BUNDLE_IDENTIFIER = tkoff0110.MyCreativeCollectionTests;
				PRODUCT_NAME = "$(TARGET_NAME)";
				SDKROOT = auto;
				SUPPORTED_PLATFORMS = "iphoneos iphonesimulator";
				SUPPORTS_MACCATALYST = NO;
				SUPPORTS_MAC_DESIGNED_FOR_IPHONE_IPAD = NO;
				SWIFT_EMIT_LOC_STRINGS = NO;
				SWIFT_VERSION = 5.0;
				TARGETED_DEVICE_FAMILY = 1;
				TEST_HOST = "$(BUILT_PRODUCTS_DIR)/MyCreativeCollection.app/$(BUNDLE_EXECUTABLE_FOLDER_PATH)/MyCreativeCollection";
			};
			name = Release;
		};
		8869C29F29E830960095C363 /* Debug */ = {
			isa = XCBuildConfiguration;
			buildSettings = {
				CODE_SIGN_STYLE = Automatic;
				CURRENT_PROJECT_VERSION = 1;
				DEVELOPMENT_TEAM = 938L7H5GMC;
				GENERATE_INFOPLIST_FILE = YES;
				IPHONEOS_DEPLOYMENT_TARGET = 16.4;
				MARKETING_VERSION = 1.0;
				PRODUCT_BUNDLE_IDENTIFIER = tkoff0110.MyCreativeCollectionUITests;
				PRODUCT_NAME = "$(TARGET_NAME)";
				SDKROOT = iphoneos;
				SUPPORTED_PLATFORMS = "iphoneos iphonesimulator";
				SUPPORTS_MACCATALYST = NO;
				SUPPORTS_MAC_DESIGNED_FOR_IPHONE_IPAD = NO;
				SWIFT_EMIT_LOC_STRINGS = NO;
				SWIFT_VERSION = 5.0;
				TARGETED_DEVICE_FAMILY = 1;
				TEST_TARGET_NAME = MyCreativeCollection;
			};
			name = Debug;
		};
		8869C2A029E830960095C363 /* Release */ = {
			isa = XCBuildConfiguration;
			buildSettings = {
				CODE_SIGN_STYLE = Automatic;
				CURRENT_PROJECT_VERSION = 1;
				DEVELOPMENT_TEAM = 938L7H5GMC;
				GENERATE_INFOPLIST_FILE = YES;
				IPHONEOS_DEPLOYMENT_TARGET = 16.4;
				MARKETING_VERSION = 1.0;
				PRODUCT_BUNDLE_IDENTIFIER = tkoff0110.MyCreativeCollectionUITests;
				PRODUCT_NAME = "$(TARGET_NAME)";
				SDKROOT = iphoneos;
				SUPPORTED_PLATFORMS = "iphoneos iphonesimulator";
				SUPPORTS_MACCATALYST = NO;
				SUPPORTS_MAC_DESIGNED_FOR_IPHONE_IPAD = NO;
				SWIFT_EMIT_LOC_STRINGS = NO;
				SWIFT_VERSION = 5.0;
				TARGETED_DEVICE_FAMILY = 1;
				TEST_TARGET_NAME = MyCreativeCollection;
				VALIDATE_PRODUCT = YES;
			};
			name = Release;
		};
		886CB93529E5FD0F0003E3DB /* Debug */ = {
			isa = XCBuildConfiguration;
			buildSettings = {
				ALWAYS_SEARCH_USER_PATHS = NO;
				CLANG_ANALYZER_LOCALIZABILITY_NONLOCALIZED = YES;
				CLANG_ANALYZER_NONNULL = YES;
				CLANG_ANALYZER_NUMBER_OBJECT_CONVERSION = YES_AGGRESSIVE;
				CLANG_CXX_LANGUAGE_STANDARD = "gnu++20";
				CLANG_ENABLE_MODULES = YES;
				CLANG_ENABLE_OBJC_ARC = YES;
				CLANG_ENABLE_OBJC_WEAK = YES;
				CLANG_WARN_BLOCK_CAPTURE_AUTORELEASING = YES;
				CLANG_WARN_BOOL_CONVERSION = YES;
				CLANG_WARN_COMMA = YES;
				CLANG_WARN_CONSTANT_CONVERSION = YES;
				CLANG_WARN_DEPRECATED_OBJC_IMPLEMENTATIONS = YES;
				CLANG_WARN_DIRECT_OBJC_ISA_USAGE = YES_ERROR;
				CLANG_WARN_DOCUMENTATION_COMMENTS = YES;
				CLANG_WARN_EMPTY_BODY = YES;
				CLANG_WARN_ENUM_CONVERSION = YES;
				CLANG_WARN_INFINITE_RECURSION = YES;
				CLANG_WARN_INT_CONVERSION = YES;
				CLANG_WARN_NON_LITERAL_NULL_CONVERSION = YES;
				CLANG_WARN_OBJC_IMPLICIT_RETAIN_SELF = YES;
				CLANG_WARN_OBJC_LITERAL_CONVERSION = YES;
				CLANG_WARN_OBJC_ROOT_CLASS = YES_ERROR;
				CLANG_WARN_QUOTED_INCLUDE_IN_FRAMEWORK_HEADER = YES;
				CLANG_WARN_RANGE_LOOP_ANALYSIS = YES;
				CLANG_WARN_STRICT_PROTOTYPES = YES;
				CLANG_WARN_SUSPICIOUS_MOVE = YES;
				CLANG_WARN_UNGUARDED_AVAILABILITY = YES_AGGRESSIVE;
				CLANG_WARN_UNREACHABLE_CODE = YES;
				CLANG_WARN__DUPLICATE_METHOD_MATCH = YES;
				COPY_PHASE_STRIP = NO;
				DEBUG_INFORMATION_FORMAT = dwarf;
				ENABLE_STRICT_OBJC_MSGSEND = YES;
				ENABLE_TESTABILITY = YES;
				GCC_C_LANGUAGE_STANDARD = gnu11;
				GCC_DYNAMIC_NO_PIC = NO;
				GCC_NO_COMMON_BLOCKS = YES;
				GCC_OPTIMIZATION_LEVEL = 0;
				GCC_PREPROCESSOR_DEFINITIONS = (
					"DEBUG=1",
					"$(inherited)",
				);
				GCC_WARN_64_TO_32_BIT_CONVERSION = YES;
				GCC_WARN_ABOUT_RETURN_TYPE = YES_ERROR;
				GCC_WARN_UNDECLARED_SELECTOR = YES;
				GCC_WARN_UNINITIALIZED_AUTOS = YES_AGGRESSIVE;
				GCC_WARN_UNUSED_FUNCTION = YES;
				GCC_WARN_UNUSED_VARIABLE = YES;
				IPHONEOS_DEPLOYMENT_TARGET = 16.0;
				MTL_ENABLE_DEBUG_INFO = INCLUDE_SOURCE;
				MTL_FAST_MATH = YES;
				ONLY_ACTIVE_ARCH = YES;
				SWIFT_ACTIVE_COMPILATION_CONDITIONS = DEBUG;
				SWIFT_OPTIMIZATION_LEVEL = "-Onone";
			};
			name = Debug;
		};
		886CB93629E5FD0F0003E3DB /* Release */ = {
			isa = XCBuildConfiguration;
			buildSettings = {
				ALWAYS_SEARCH_USER_PATHS = NO;
				CLANG_ANALYZER_LOCALIZABILITY_NONLOCALIZED = YES;
				CLANG_ANALYZER_NONNULL = YES;
				CLANG_ANALYZER_NUMBER_OBJECT_CONVERSION = YES_AGGRESSIVE;
				CLANG_CXX_LANGUAGE_STANDARD = "gnu++20";
				CLANG_ENABLE_MODULES = YES;
				CLANG_ENABLE_OBJC_ARC = YES;
				CLANG_ENABLE_OBJC_WEAK = YES;
				CLANG_WARN_BLOCK_CAPTURE_AUTORELEASING = YES;
				CLANG_WARN_BOOL_CONVERSION = YES;
				CLANG_WARN_COMMA = YES;
				CLANG_WARN_CONSTANT_CONVERSION = YES;
				CLANG_WARN_DEPRECATED_OBJC_IMPLEMENTATIONS = YES;
				CLANG_WARN_DIRECT_OBJC_ISA_USAGE = YES_ERROR;
				CLANG_WARN_DOCUMENTATION_COMMENTS = YES;
				CLANG_WARN_EMPTY_BODY = YES;
				CLANG_WARN_ENUM_CONVERSION = YES;
				CLANG_WARN_INFINITE_RECURSION = YES;
				CLANG_WARN_INT_CONVERSION = YES;
				CLANG_WARN_NON_LITERAL_NULL_CONVERSION = YES;
				CLANG_WARN_OBJC_IMPLICIT_RETAIN_SELF = YES;
				CLANG_WARN_OBJC_LITERAL_CONVERSION = YES;
				CLANG_WARN_OBJC_ROOT_CLASS = YES_ERROR;
				CLANG_WARN_QUOTED_INCLUDE_IN_FRAMEWORK_HEADER = YES;
				CLANG_WARN_RANGE_LOOP_ANALYSIS = YES;
				CLANG_WARN_STRICT_PROTOTYPES = YES;
				CLANG_WARN_SUSPICIOUS_MOVE = YES;
				CLANG_WARN_UNGUARDED_AVAILABILITY = YES_AGGRESSIVE;
				CLANG_WARN_UNREACHABLE_CODE = YES;
				CLANG_WARN__DUPLICATE_METHOD_MATCH = YES;
				COPY_PHASE_STRIP = NO;
				DEBUG_INFORMATION_FORMAT = "dwarf-with-dsym";
				ENABLE_NS_ASSERTIONS = NO;
				ENABLE_STRICT_OBJC_MSGSEND = YES;
				GCC_C_LANGUAGE_STANDARD = gnu11;
				GCC_NO_COMMON_BLOCKS = YES;
				GCC_WARN_64_TO_32_BIT_CONVERSION = YES;
				GCC_WARN_ABOUT_RETURN_TYPE = YES_ERROR;
				GCC_WARN_UNDECLARED_SELECTOR = YES;
				GCC_WARN_UNINITIALIZED_AUTOS = YES_AGGRESSIVE;
				GCC_WARN_UNUSED_FUNCTION = YES;
				GCC_WARN_UNUSED_VARIABLE = YES;
				IPHONEOS_DEPLOYMENT_TARGET = 16.0;
				MTL_ENABLE_DEBUG_INFO = NO;
				MTL_FAST_MATH = YES;
				SWIFT_COMPILATION_MODE = wholemodule;
				SWIFT_OPTIMIZATION_LEVEL = "-O";
			};
			name = Release;
		};
		886CB93829E5FD0F0003E3DB /* Debug */ = {
			isa = XCBuildConfiguration;
			buildSettings = {
				ALWAYS_EMBED_SWIFT_STANDARD_LIBRARIES = YES;
				ASSETCATALOG_COMPILER_APPICON_NAME = AppIcon;
				ASSETCATALOG_COMPILER_GLOBAL_ACCENT_COLOR_NAME = AccentColor;
				CODE_SIGN_ENTITLEMENTS = MyCreativeCollection/MyCreativeCollection.entitlements;
				CODE_SIGN_STYLE = Automatic;
				CURRENT_PROJECT_VERSION = 1;
				DEVELOPMENT_ASSET_PATHS = "\"MyCreativeCollection/Preview Content\"";
				DEVELOPMENT_TEAM = 938L7H5GMC;
				ENABLE_HARDENED_RUNTIME = YES;
				ENABLE_PREVIEWS = YES;
				GENERATE_INFOPLIST_FILE = YES;
				INFOPLIST_FILE = MyCreativeCollection/Info.plist;
				INFOPLIST_KEY_CFBundleDisplayName = MCC;
				INFOPLIST_KEY_LSApplicationCategoryType = "public.app-category.utilities";
				"INFOPLIST_KEY_UIApplicationSceneManifest_Generation[sdk=iphoneos*]" = YES;
				"INFOPLIST_KEY_UIApplicationSceneManifest_Generation[sdk=iphonesimulator*]" = YES;
				"INFOPLIST_KEY_UIApplicationSupportsIndirectInputEvents[sdk=iphoneos*]" = YES;
				"INFOPLIST_KEY_UIApplicationSupportsIndirectInputEvents[sdk=iphonesimulator*]" = YES;
				"INFOPLIST_KEY_UILaunchScreen_Generation[sdk=iphoneos*]" = YES;
				"INFOPLIST_KEY_UILaunchScreen_Generation[sdk=iphonesimulator*]" = YES;
				"INFOPLIST_KEY_UIStatusBarStyle[sdk=iphoneos*]" = UIStatusBarStyleDefault;
				"INFOPLIST_KEY_UIStatusBarStyle[sdk=iphonesimulator*]" = UIStatusBarStyleDefault;
				INFOPLIST_KEY_UISupportedInterfaceOrientations = UIInterfaceOrientationPortrait;
				IPHONEOS_DEPLOYMENT_TARGET = 16.0;
				LD_RUNPATH_SEARCH_PATHS = "@executable_path/Frameworks";
				"LD_RUNPATH_SEARCH_PATHS[sdk=macosx*]" = "@executable_path/../Frameworks";
				MACOSX_DEPLOYMENT_TARGET = 13.3;
				MARKETING_VERSION = 1.0;
				PRODUCT_BUNDLE_IDENTIFIER = tkoff0110.MyCreativeCollection;
				PRODUCT_NAME = "$(TARGET_NAME)";
				SDKROOT = auto;
				SUPPORTED_PLATFORMS = "iphoneos iphonesimulator";
				SUPPORTS_MACCATALYST = NO;
				SUPPORTS_MAC_DESIGNED_FOR_IPHONE_IPAD = NO;
				SWIFT_EMIT_LOC_STRINGS = YES;
				SWIFT_VERSION = 5.0;
				TARGETED_DEVICE_FAMILY = "1,2";
			};
			name = Debug;
		};
		886CB93929E5FD0F0003E3DB /* Release */ = {
			isa = XCBuildConfiguration;
			buildSettings = {
				ALWAYS_EMBED_SWIFT_STANDARD_LIBRARIES = YES;
				ASSETCATALOG_COMPILER_APPICON_NAME = AppIcon;
				ASSETCATALOG_COMPILER_GLOBAL_ACCENT_COLOR_NAME = AccentColor;
				CODE_SIGN_ENTITLEMENTS = MyCreativeCollection/MyCreativeCollection.entitlements;
				CODE_SIGN_STYLE = Automatic;
				CURRENT_PROJECT_VERSION = 1;
				DEVELOPMENT_ASSET_PATHS = "\"MyCreativeCollection/Preview Content\"";
				DEVELOPMENT_TEAM = 938L7H5GMC;
				ENABLE_HARDENED_RUNTIME = YES;
				ENABLE_PREVIEWS = YES;
				GENERATE_INFOPLIST_FILE = YES;
				INFOPLIST_FILE = MyCreativeCollection/Info.plist;
				INFOPLIST_KEY_CFBundleDisplayName = MCC;
				INFOPLIST_KEY_LSApplicationCategoryType = "public.app-category.utilities";
				"INFOPLIST_KEY_UIApplicationSceneManifest_Generation[sdk=iphoneos*]" = YES;
				"INFOPLIST_KEY_UIApplicationSceneManifest_Generation[sdk=iphonesimulator*]" = YES;
				"INFOPLIST_KEY_UIApplicationSupportsIndirectInputEvents[sdk=iphoneos*]" = YES;
				"INFOPLIST_KEY_UIApplicationSupportsIndirectInputEvents[sdk=iphonesimulator*]" = YES;
				"INFOPLIST_KEY_UILaunchScreen_Generation[sdk=iphoneos*]" = YES;
				"INFOPLIST_KEY_UILaunchScreen_Generation[sdk=iphonesimulator*]" = YES;
				"INFOPLIST_KEY_UIStatusBarStyle[sdk=iphoneos*]" = UIStatusBarStyleDefault;
				"INFOPLIST_KEY_UIStatusBarStyle[sdk=iphonesimulator*]" = UIStatusBarStyleDefault;
				INFOPLIST_KEY_UISupportedInterfaceOrientations = UIInterfaceOrientationPortrait;
				IPHONEOS_DEPLOYMENT_TARGET = 16.0;
				LD_RUNPATH_SEARCH_PATHS = "@executable_path/Frameworks";
				"LD_RUNPATH_SEARCH_PATHS[sdk=macosx*]" = "@executable_path/../Frameworks";
				MACOSX_DEPLOYMENT_TARGET = 13.3;
				MARKETING_VERSION = 1.0;
				PRODUCT_BUNDLE_IDENTIFIER = tkoff0110.MyCreativeCollection;
				PRODUCT_NAME = "$(TARGET_NAME)";
				SDKROOT = auto;
				SUPPORTED_PLATFORMS = "iphoneos iphonesimulator";
				SUPPORTS_MACCATALYST = NO;
				SUPPORTS_MAC_DESIGNED_FOR_IPHONE_IPAD = NO;
				SWIFT_EMIT_LOC_STRINGS = YES;
				SWIFT_VERSION = 5.0;
				TARGETED_DEVICE_FAMILY = "1,2";
			};
			name = Release;
		};
/* End XCBuildConfiguration section */

/* Begin XCConfigurationList section */
		8869C25429E826CD0095C363 /* Build configuration list for PBXNativeTarget "MyCreativeCollectionTests" */ = {
			isa = XCConfigurationList;
			buildConfigurations = (
				8869C25529E826CD0095C363 /* Debug */,
				8869C25629E826CD0095C363 /* Release */,
			);
			defaultConfigurationIsVisible = 0;
			defaultConfigurationName = Release;
		};
		8869C29E29E830960095C363 /* Build configuration list for PBXNativeTarget "MyCreativeCollectionUITests" */ = {
			isa = XCConfigurationList;
			buildConfigurations = (
				8869C29F29E830960095C363 /* Debug */,
				8869C2A029E830960095C363 /* Release */,
			);
			defaultConfigurationIsVisible = 0;
			defaultConfigurationName = Release;
		};
		886CB92329E5FD0E0003E3DB /* Build configuration list for PBXProject "MyCreativeCollection" */ = {
			isa = XCConfigurationList;
			buildConfigurations = (
				886CB93529E5FD0F0003E3DB /* Debug */,
				886CB93629E5FD0F0003E3DB /* Release */,
			);
			defaultConfigurationIsVisible = 0;
			defaultConfigurationName = Release;
		};
		886CB93729E5FD0F0003E3DB /* Build configuration list for PBXNativeTarget "MyCreativeCollection" */ = {
			isa = XCConfigurationList;
			buildConfigurations = (
				886CB93829E5FD0F0003E3DB /* Debug */,
				886CB93929E5FD0F0003E3DB /* Release */,
			);
			defaultConfigurationIsVisible = 0;
			defaultConfigurationName = Release;
		};
/* End XCConfigurationList section */

/* Begin XCRemoteSwiftPackageReference section */
		8852DDE02A5616E700AFCC73 /* XCRemoteSwiftPackageReference "Alamofire" */ = {
			isa = XCRemoteSwiftPackageReference;
			repositoryURL = "https://github.com/Alamofire/Alamofire.git";
			requirement = {
				kind = upToNextMajorVersion;
				minimumVersion = 5.0.0;
			};
		};
/* End XCRemoteSwiftPackageReference section */

/* Begin XCSwiftPackageProductDependency section */
		8852DDE12A5616E700AFCC73 /* Alamofire */ = {
			isa = XCSwiftPackageProductDependency;
			package = 8852DDE02A5616E700AFCC73 /* XCRemoteSwiftPackageReference "Alamofire" */;
			productName = Alamofire;
		};
/* End XCSwiftPackageProductDependency section */
	};
	rootObject = 886CB92029E5FD0E0003E3DB /* Project object */;
}
